
Microsoft Visual Studio Solution File, Format Version 12.00
# Visual Studio Version 17
VisualStudioVersion = 17.0.32014.148
MinimumVisualStudioVersion = 10.0.40219.1
Project("{FAE04EC0-301F-11D3-BF4B-00C04F79EFBC}") = "Lab-1", "Lab-1\Lab-1.csproj", "{741B2D35-84BA-484F-AB2D-11D99650011F}"
EndProject
Global
	GlobalSection(SolutionConfigurationPlatforms) = preSolution
		Debug|Any CPU = Debug|Any CPU
		Release|Any CPU = Release|Any CPU
	EndGlobalSection
	GlobalSection(ProjectConfigurationPlatforms) = postSolution
		{741B2D35-84BA-484F-AB2D-11D99650011F}.Debug|Any CPU.ActiveCfg = Debug|Any CPU
		{741B2D35-84BA-484F-AB2D-11D99650011F}.Debug|Any CPU.Build.0 = Debug|Any CPU
		{741B2D35-84BA-484F-AB2D-11D99650011F}.Release|Any CPU.ActiveCfg = Release|Any CPU
		{741B2D35-84BA-484F-AB2D-11D99650011F}.Release|Any CPU.Build.0 = Release|Any CPU
	EndGlobalSection
	GlobalSection(SolutionProperties) = preSolution
		HideSolutionNode = FALSE
	EndGlobalSection
	GlobalSection(ExtensibilityGlobals) = postSolution
		SolutionGuid = {7F9F305E-18DD-4B1B-B034-F9EF04210AE1}
	EndGlobalSection
EndGlobal
